
Microsoft Visual Studio Solution File, Format Version 12.00
# Visual Studio Version 17
VisualStudioVersion = 17.14.36414.22 d17.14
MinimumVisualStudioVersion = 10.0.40219.1
Project("{FAE04EC0-301F-11D3-BF4B-00C04F79EFBC}") = "MovieTrackerApp", "MovieTrackerApp.csproj", "{83E0A29A-097A-4541-AB24-1EB3B4325060}"
EndProject
Global
	GlobalSection(SolutionConfigurationPlatforms) = preSolution
		Debug|Any CPU = Debug|Any CPU
		Release|Any CPU = Release|Any CPU
	EndGlobalSection
	GlobalSection(ProjectConfigurationPlatforms) = postSolution
		{83E0A29A-097A-4541-AB24-1EB3B4325060}.Debug|Any CPU.ActiveCfg = Debug|Any CPU
		{83E0A29A-097A-4541-AB24-1EB3B4325060}.Debug|Any CPU.Build.0 = Debug|Any CPU
		{83E0A29A-097A-4541-AB24-1EB3B4325060}.Release|Any CPU.ActiveCfg = Release|Any CPU
		{83E0A29A-097A-4541-AB24-1EB3B4325060}.Release|Any CPU.Build.0 = Release|Any CPU
	EndGlobalSection
	GlobalSection(SolutionProperties) = preSolution
		HideSolutionNode = FALSE
	EndGlobalSection
	GlobalSection(ExtensibilityGlobals) = postSolution
		SolutionGuid = {C4D71ADC-A2BF-4DFD-977A-3DCD6EEA7139}
	EndGlobalSection
EndGlobal
